
Microsoft Visual Studio Solution File, Format Version 12.00
# Visual Studio 15
VisualStudioVersion = 15.0.28307.489
MinimumVisualStudioVersion = 10.0.40219.1
Project("{FAE04EC0-301F-11D3-BF4B-00C04F79EFBC}") = "RecipeManagerXamarin.Android", "RecipeManagerXamarin\RecipeManagerXamarin.Android\RecipeManagerXamarin.Android.csproj", "{78DD4BDE-0F1E-40A0-8C31-2BBB957D9E40}"
EndProject
Project("{FAE04EC0-301F-11D3-BF4B-00C04F79EFBC}") = "RecipeManagerXamarin", "RecipeManagerXamarin\RecipeManagerXamarin\RecipeManagerXamarin.csproj", "{0DB323F8-0584-4B54-BEE3-F164D5324F87}"
EndProject
Global
	GlobalSection(SolutionConfigurationPlatforms) = preSolution
		Debug|Any CPU = Debug|Any CPU
		Release|Any CPU = Release|Any CPU
	EndGlobalSection
	GlobalSection(ProjectConfigurationPlatforms) = postSolution
		{78DD4BDE-0F1E-40A0-8C31-2BBB957D9E40}.Debug|Any CPU.ActiveCfg = Debug|Any CPU
		{78DD4BDE-0F1E-40A0-8C31-2BBB957D9E40}.Debug|Any CPU.Build.0 = Debug|Any CPU
		{78DD4BDE-0F1E-40A0-8C31-2BBB957D9E40}.Debug|Any CPU.Deploy.0 = Debug|Any CPU
		{78DD4BDE-0F1E-40A0-8C31-2BBB957D9E40}.Release|Any CPU.ActiveCfg = Release|Any CPU
		{78DD4BDE-0F1E-40A0-8C31-2BBB957D9E40}.Release|Any CPU.Build.0 = Release|Any CPU
		{78DD4BDE-0F1E-40A0-8C31-2BBB957D9E40}.Release|Any CPU.Deploy.0 = Release|Any CPU
		{0DB323F8-0584-4B54-BEE3-F164D5324F87}.Debug|Any CPU.ActiveCfg = Debug|Any CPU
		{0DB323F8-0584-4B54-BEE3-F164D5324F87}.Debug|Any CPU.Build.0 = Debug|Any CPU
		{0DB323F8-0584-4B54-BEE3-F164D5324F87}.Debug|Any CPU.Deploy.0 = Debug|Any CPU
		{0DB323F8-0584-4B54-BEE3-F164D5324F87}.Release|Any CPU.ActiveCfg = Release|Any CPU
		{0DB323F8-0584-4B54-BEE3-F164D5324F87}.Release|Any CPU.Build.0 = Release|Any CPU
		{0DB323F8-0584-4B54-BEE3-F164D5324F87}.Release|Any CPU.Deploy.0 = Release|Any CPU
	EndGlobalSection
	GlobalSection(SolutionProperties) = preSolution
		HideSolutionNode = FALSE
	EndGlobalSection
	GlobalSection(ExtensibilityGlobals) = postSolution
		SolutionGuid = {7685D777-5540-4308-A31C-160C6AC58BED}
	EndGlobalSection
EndGlobal
